# This file was autogenerated by uv via the following command:
#    uv pip compile setup.py
accelerate==1.1.0
    # via ssm-analysis (setup.py)
aiohappyeyeballs==2.6.1
    # via aiohttp
aiohttp==3.12.13
    # via
    #   datasets
    #   fsspec
aiosignal==1.4.0
    # via aiohttp
annotated-types==0.7.0
    # via pydantic
anywidget==0.9.18
    # via pygwalker
appdirs==1.4.4
    # via pygwalker
arrow==1.3.0
    # via pygwalker
astor==0.8.1
    # via pygwalker
asttokens==2.4.1
    # via
    #   devtools
    #   stack-data
attrs==25.3.0
    # via aiohttp
backoff==2.2.1
    # via
    #   kanaries-track
    #   segment-analytics-python
cachetools==5.5.0
    # via
    #   ssm-analysis (setup.py)
    #   pygwalker
causal-conv1d==1.5.0.post8
    # via mamba-ssm
certifi==2025.7.9
    # via requests
charset-normalizer==3.4.2
    # via requests
cloudpickle==3.1.1
    # via submitit
comm==0.2.2
    # via ipywidgets
contourpy==1.3.2
    # via matplotlib
cycler==0.12.1
    # via matplotlib
datasets==2.20.0
    # via ssm-analysis (setup.py)
dateutils==0.6.12
    # via kanaries-track
decorator==5.2.1
    # via ipython
devtools==0.12.2
    # via ssm-analysis (setup.py)
dill==0.3.8
    # via
    #   datasets
    #   multiprocess
duckdb==1.3.2
    # via pygwalker
einops==0.8.0
    # via
    #   ssm-analysis (setup.py)
    #   mamba-ssm
executing==2.2.0
    # via
    #   devtools
    #   stack-data
filelock==3.18.0
    # via
    #   datasets
    #   huggingface-hub
    #   torch
    #   transformers
    #   triton
fonttools==4.58.5
    # via matplotlib
frozendict==2.4.6
    # via ssm-analysis (setup.py)
frozenlist==1.7.0
    # via
    #   aiohttp
    #   aiosignal
fsspec==2024.5.0
    # via
    #   datasets
    #   huggingface-hub
    #   torch
gitdb==4.0.12
    # via gitpython
gitpython==3.1.44
    # via ssm-analysis (setup.py)
greenlet==3.2.3
    # via sqlalchemy
gw-dsl-parser==0.1.49.1
    # via pygwalker
h5py==3.13.0
    # via ssm-analysis (setup.py)
huggingface-hub==0.26.1
    # via
    #   ssm-analysis (setup.py)
    #   accelerate
    #   datasets
    #   tokenizers
    #   transformers
humanize==4.10.0
    # via ssm-analysis (setup.py)
idna==3.10
    # via
    #   requests
    #   yarl
importlib-resources==6.5.2
    # via wasmtime
ipylab==1.0.0
    # via pygwalker
ipython==9.4.0
    # via
    #   ipywidgets
    #   pygwalker
ipython-pygments-lexers==1.1.1
    # via ipython
ipywidgets==8.1.7
    # via
    #   anywidget
    #   ipylab
    #   pygwalker
jedi==0.19.2
    # via ipython
jinja2==3.1.6
    # via
    #   pygwalker
    #   torch
jsonpickle==4.0.5
    # via ssm-analysis (setup.py)
jupyterlab-widgets==3.0.15
    # via ipywidgets
kanaries-track==0.0.5
    # via pygwalker
kiwisolver==1.4.8
    # via matplotlib
mamba-ssm==2.2.4
    # via ssm-analysis (setup.py)
markdown-it-py==3.0.0
    # via rich
markupsafe==3.0.2
    # via jinja2
matplotlib==3.9.2
    # via
    #   ssm-analysis (setup.py)
    #   seaborn
    #   upsetplot
matplotlib-inline==0.1.7
    # via ipython
mdurl==0.1.2
    # via markdown-it-py
monotonic==1.6
    # via segment-analytics-python
more-itertools==10.7.0
    # via ssm-analysis (setup.py)
mpmath==1.3.0
    # via sympy
multidict==6.6.3
    # via
    #   aiohttp
    #   yarl
multiprocess==0.70.16
    # via datasets
mypy-extensions==1.1.0
    # via typing-inspect
networkx==3.5
    # via torch
ninja==1.11.1.4
    # via
    #   causal-conv1d
    #   mamba-ssm
numpy==1.26.4
    # via
    #   ssm-analysis (setup.py)
    #   accelerate
    #   contourpy
    #   datasets
    #   h5py
    #   matplotlib
    #   pandas
    #   pygwalker
    #   scipy
    #   seaborn
    #   transformers
nvidia-cublas-cu12==12.4.5.8
    # via
    #   nvidia-cudnn-cu12
    #   nvidia-cusolver-cu12
    #   torch
nvidia-cuda-cupti-cu12==12.4.127
    # via torch
nvidia-cuda-nvrtc-cu12==12.4.127
    # via torch
nvidia-cuda-runtime-cu12==12.4.127
    # via torch
nvidia-cudnn-cu12==9.1.0.70
    # via torch
nvidia-cufft-cu12==11.2.1.3
    # via torch
nvidia-curand-cu12==10.3.5.147
    # via torch
nvidia-cusolver-cu12==11.6.1.9
    # via torch
nvidia-cusparse-cu12==12.3.1.170
    # via
    #   nvidia-cusolver-cu12
    #   torch
nvidia-nccl-cu12==2.21.5
    # via torch
nvidia-nvjitlink-cu12==12.4.127
    # via
    #   nvidia-cusolver-cu12
    #   nvidia-cusparse-cu12
    #   torch
nvidia-nvtx-cu12==12.4.127
    # via torch
orjson==3.10.15
    # via ssm-analysis (setup.py)
packaging==25.0
    # via
    #   accelerate
    #   causal-conv1d
    #   datasets
    #   huggingface-hub
    #   mamba-ssm
    #   matplotlib
    #   plotly
    #   pygwalker
    #   transformers
pandas==2.2.2
    # via
    #   ssm-analysis (setup.py)
    #   datasets
    #   pygwalker
    #   seaborn
    #   upsetplot
parso==0.8.4
    # via jedi
pexpect==4.9.0
    # via ipython
pillow==10.4.0
    # via
    #   ssm-analysis (setup.py)
    #   matplotlib
plotly==5.24.1
    # via ssm-analysis (setup.py)
prompt-toolkit==3.0.51
    # via ipython
propcache==0.3.2
    # via
    #   aiohttp
    #   yarl
psutil==7.0.0
    # via
    #   accelerate
    #   pygwalker
psygnal==0.14.0
    # via anywidget
ptyprocess==0.7.0
    # via pexpect
pure-eval==0.2.3
    # via stack-data
pyarrow==20.0.0
    # via
    #   datasets
    #   pygwalker
pyarrow-hotfix==0.7
    # via datasets
pydantic==2.8.2
    # via
    #   ssm-analysis (setup.py)
    #   pydantic-extra-types
    #   pydantic-settings
    #   pygwalker
pydantic-core==2.20.1
    # via pydantic
pydantic-extra-types==2.10.2
    # via ssm-analysis (setup.py)
pydantic-settings==2.7.1
    # via ssm-analysis (setup.py)
pygments==2.19.2
    # via
    #   devtools
    #   ipython
    #   ipython-pygments-lexers
    #   rich
pygwalker==0.4.9.13
    # via ssm-analysis (setup.py)
pyparsing==3.2.3
    # via matplotlib
pyrallis==0.3.1
    # via ssm-analysis (setup.py)
python-dateutil==2.9.0.post0
    # via
    #   arrow
    #   dateutils
    #   matplotlib
    #   pandas
    #   segment-analytics-python
python-dotenv==1.1.1
    # via pydantic-settings
pytz==2025.2
    # via
    #   dateutils
    #   pandas
    #   pygwalker
pyyaml==6.0.2
    # via
    #   accelerate
    #   datasets
    #   huggingface-hub
    #   pyrallis
    #   transformers
quickjs==1.19.4
    # via pygwalker
regex==2024.11.6
    # via transformers
requests==2.32.4
    # via
    #   datasets
    #   huggingface-hub
    #   kanaries-track
    #   pygwalker
    #   segment-analytics-python
    #   transformers
rich==13.9.4
    # via ssm-analysis (setup.py)
safetensors==0.5.3
    # via
    #   accelerate
    #   transformers
scipy==1.14.1
    # via ssm-analysis (setup.py)
seaborn==0.13.2
    # via ssm-analysis (setup.py)
segment-analytics-python==2.2.3
    # via pygwalker
setuptools==80.9.0
    # via
    #   mamba-ssm
    #   torch
six==1.17.0
    # via
    #   asttokens
    #   python-dateutil
smmap==5.0.2
    # via gitdb
sqlalchemy==2.0.41
    # via pygwalker
sqlglot==27.0.0
    # via pygwalker
stack-data==0.6.3
    # via ipython
submitit==1.5.2
    # via ssm-analysis (setup.py)
sympy==1.13.1
    # via torch
tenacity==9.1.2
    # via plotly
tokenizers==0.21.2
    # via transformers
torch==2.5.1
    # via
    #   ssm-analysis (setup.py)
    #   accelerate
    #   causal-conv1d
    #   mamba-ssm
tqdm==4.66.4
    # via
    #   ssm-analysis (setup.py)
    #   datasets
    #   huggingface-hub
    #   transformers
traitlets==5.14.3
    # via
    #   comm
    #   ipython
    #   ipywidgets
    #   matplotlib-inline
    #   pygwalker
transformers==4.50.3
    # via
    #   ssm-analysis (setup.py)
    #   mamba-ssm
triton==3.1.0
    # via torch
types-python-dateutil==2.9.0.20250708
    # via arrow
typing-extensions==4.14.1
    # via
    #   aiosignal
    #   anywidget
    #   huggingface-hub
    #   pydantic
    #   pydantic-core
    #   pydantic-extra-types
    #   pygwalker
    #   sqlalchemy
    #   submitit
    #   torch
    #   typing-inspect
typing-inspect==0.9.0
    # via pyrallis
tzdata==2025.2
    # via pandas
upsetplot==0.9.0
    # via ssm-analysis (setup.py)
urllib3==2.5.0
    # via requests
wasmtime==34.0.0
    # via gw-dsl-parser
wcwidth==0.2.13
    # via prompt-toolkit
widgetsnbextension==4.0.14
    # via ipywidgets
xxhash==3.5.0
    # via datasets
yarl==1.20.1
    # via aiohttp
